
Microsoft Visual Studio Solution File, Format Version 12.00
# Visual Studio Version 16
VisualStudioVersion = 16.0.32630.194
MinimumVisualStudioVersion = 10.0.40219.1
Project("{FAE04EC0-301F-11D3-BF4B-00C04F79EFBC}") = "PASdekstop", "PASdekstop\PASdekstop.csproj", "{8C3FEA5A-3476-4E5B-9E65-8F2D38755489}"
EndProject
Global
	GlobalSection(SolutionConfigurationPlatforms) = preSolution
		Debug|Any CPU = Debug|Any CPU
		Release|Any CPU = Release|Any CPU
	EndGlobalSection
	GlobalSection(ProjectConfigurationPlatforms) = postSolution
		{8C3FEA5A-3476-4E5B-9E65-8F2D38755489}.Debug|Any CPU.ActiveCfg = Debug|Any CPU
		{8C3FEA5A-3476-4E5B-9E65-8F2D38755489}.Debug|Any CPU.Build.0 = Debug|Any CPU
		{8C3FEA5A-3476-4E5B-9E65-8F2D38755489}.Release|Any CPU.ActiveCfg = Release|Any CPU
		{8C3FEA5A-3476-4E5B-9E65-8F2D38755489}.Release|Any CPU.Build.0 = Release|Any CPU
	EndGlobalSection
	GlobalSection(SolutionProperties) = preSolution
		HideSolutionNode = FALSE
	EndGlobalSection
	GlobalSection(ExtensibilityGlobals) = postSolution
		SolutionGuid = {6445FA69-9760-405F-B538-2E7C67422188}
	EndGlobalSection
EndGlobal
